
Microsoft Visual Studio Solution File, Format Version 12.00
# Visual Studio Version 17
VisualStudioVersion = 17.0.31903.59
MinimumVisualStudioVersion = 10.0.40219.1
Project("{9A19103F-16F7-4668-BE54-9A1E7A4F7556}") = "App", "App\App.csproj", "{095DECED-4D18-4C55-BC16-0642E075A662}"
EndProject
Project("{FAE04EC0-301F-11D3-BF4B-00C04F79EFBC}") = "Lib", "Lib\Lib.csproj", "{570AACB0-0FBD-47E4-B28C-722ED8821191}"
EndProject
Project("{2150E333-8FDC-42A3-9474-1A3956D46DE8}") = "Solution Items", "Solution Items", "{947DD147-DEAB-4BF4-9979-A28FAC2BB3B7}"
	ProjectSection(SolutionItems) = preProject
		Directory.Packages.props = Directory.Packages.props
		LICENSE = LICENSE
		nuget.config = nuget.config
		README.md = README.md
	EndProjectSection
EndProject
Project("{FAE04EC0-301F-11D3-BF4B-00C04F79EFBC}") = "Logging", "Logging\Logging.csproj", "{86DE9DD2-9A5B-44E9-A16B-495EB1F398DA}"
EndProject
Global
	GlobalSection(SolutionConfigurationPlatforms) = preSolution
		Debug|Any CPU = Debug|Any CPU
		Release|Any CPU = Release|Any CPU
	EndGlobalSection
	GlobalSection(ProjectConfigurationPlatforms) = postSolution
		{095DECED-4D18-4C55-BC16-0642E075A662}.Debug|Any CPU.ActiveCfg = Debug|Any CPU
		{095DECED-4D18-4C55-BC16-0642E075A662}.Debug|Any CPU.Build.0 = Debug|Any CPU
		{095DECED-4D18-4C55-BC16-0642E075A662}.Release|Any CPU.ActiveCfg = Release|Any CPU
		{095DECED-4D18-4C55-BC16-0642E075A662}.Release|Any CPU.Build.0 = Release|Any CPU
		{570AACB0-0FBD-47E4-B28C-722ED8821191}.Debug|Any CPU.ActiveCfg = Debug|Any CPU
		{570AACB0-0FBD-47E4-B28C-722ED8821191}.Debug|Any CPU.Build.0 = Debug|Any CPU
		{570AACB0-0FBD-47E4-B28C-722ED8821191}.Release|Any CPU.ActiveCfg = Release|Any CPU
		{570AACB0-0FBD-47E4-B28C-722ED8821191}.Release|Any CPU.Build.0 = Release|Any CPU
		{86DE9DD2-9A5B-44E9-A16B-495EB1F398DA}.Debug|Any CPU.ActiveCfg = Debug|Any CPU
		{86DE9DD2-9A5B-44E9-A16B-495EB1F398DA}.Debug|Any CPU.Build.0 = Debug|Any CPU
		{86DE9DD2-9A5B-44E9-A16B-495EB1F398DA}.Release|Any CPU.ActiveCfg = Release|Any CPU
		{86DE9DD2-9A5B-44E9-A16B-495EB1F398DA}.Release|Any CPU.Build.0 = Release|Any CPU
	EndGlobalSection
	GlobalSection(SolutionProperties) = preSolution
		HideSolutionNode = FALSE
	EndGlobalSection
	GlobalSection(ExtensibilityGlobals) = postSolution
		SolutionGuid = {C094A4CA-B744-43A2-8073-54CB6DC27445}
	EndGlobalSection
EndGlobal
